
Microsoft Visual Studio Solution File, Format Version 12.00
# Visual Studio Version 16
VisualStudioVersion = 16.0.31025.194
MinimumVisualStudioVersion = 10.0.40219.1
Project("{FAE04EC0-301F-11D3-BF4B-00C04F79EFBC}") = "SecondHomework", "SecondHomework\SecondHomework.csproj", "{C84AC2C9-9E04-4129-9126-6D0B8CE9C587}"
EndProject
Global
	GlobalSection(SolutionConfigurationPlatforms) = preSolution
		Debug|Any CPU = Debug|Any CPU
		Release|Any CPU = Release|Any CPU
	EndGlobalSection
	GlobalSection(ProjectConfigurationPlatforms) = postSolution
		{C84AC2C9-9E04-4129-9126-6D0B8CE9C587}.Debug|Any CPU.ActiveCfg = Debug|Any CPU
		{C84AC2C9-9E04-4129-9126-6D0B8CE9C587}.Debug|Any CPU.Build.0 = Debug|Any CPU
		{C84AC2C9-9E04-4129-9126-6D0B8CE9C587}.Release|Any CPU.ActiveCfg = Release|Any CPU
		{C84AC2C9-9E04-4129-9126-6D0B8CE9C587}.Release|Any CPU.Build.0 = Release|Any CPU
	EndGlobalSection
	GlobalSection(SolutionProperties) = preSolution
		HideSolutionNode = FALSE
	EndGlobalSection
	GlobalSection(ExtensibilityGlobals) = postSolution
		SolutionGuid = {D00E9D65-3F44-4B59-BDE4-B448E76B489B}
	EndGlobalSection
EndGlobal
